
Microsoft Visual Studio Solution File, Format Version 12.00
# Visual Studio Version 17
VisualStudioVersion = 17.5.002.0
MinimumVisualStudioVersion = 10.0.40219.1
Project("{9A19103F-16F7-4668-BE54-9A1E7A4F7556}") = "english-words-console", "src\english-words-console.csproj", "{A04A4749-6951-4216-9139-C550AAF40B72}"
EndProject
Global
	GlobalSection(SolutionConfigurationPlatforms) = preSolution
		Debug|Any CPU = Debug|Any CPU
		Release|Any CPU = Release|Any CPU
	EndGlobalSection
	GlobalSection(ProjectConfigurationPlatforms) = postSolution
		{A04A4749-6951-4216-9139-C550AAF40B72}.Debug|Any CPU.ActiveCfg = Debug|Any CPU
		{A04A4749-6951-4216-9139-C550AAF40B72}.Debug|Any CPU.Build.0 = Debug|Any CPU
		{A04A4749-6951-4216-9139-C550AAF40B72}.Release|Any CPU.ActiveCfg = Release|Any CPU
		{A04A4749-6951-4216-9139-C550AAF40B72}.Release|Any CPU.Build.0 = Release|Any CPU
	EndGlobalSection
	GlobalSection(SolutionProperties) = preSolution
		HideSolutionNode = FALSE
	EndGlobalSection
	GlobalSection(ExtensibilityGlobals) = postSolution
		SolutionGuid = {C871CE32-77D2-4C51-85EB-A81202C9FD8E}
	EndGlobalSection
EndGlobal
